
Microsoft Visual Studio Solution File, Format Version 12.00
# Visual Studio 2012
Project("{FAE04EC0-301F-11D3-BF4B-00C04F79EFBC}") = "MomentuumApi", "MomentuumApi\MomentuumApi.csproj", "{DE50C57E-8340-4074-9AF7-4F8BD24143C9}"
EndProject
Project("{E53339B2-1760-4266-BCC7-CA923CBCF16C}") = "docker-compose", "docker-compose.dcproj", "{57B0F8CB-E03F-46C7-BED2-043BF6475A0A}"
EndProject
Global
	GlobalSection(SolutionConfigurationPlatforms) = preSolution
		Debug|Any CPU = Debug|Any CPU
		Release|Any CPU = Release|Any CPU
	EndGlobalSection
	GlobalSection(ProjectConfigurationPlatforms) = postSolution
		{DE50C57E-8340-4074-9AF7-4F8BD24143C9}.Debug|Any CPU.ActiveCfg = Debug|Any CPU
		{DE50C57E-8340-4074-9AF7-4F8BD24143C9}.Debug|Any CPU.Build.0 = Debug|Any CPU
		{DE50C57E-8340-4074-9AF7-4F8BD24143C9}.Release|Any CPU.ActiveCfg = Release|Any CPU
		{DE50C57E-8340-4074-9AF7-4F8BD24143C9}.Release|Any CPU.Build.0 = Release|Any CPU
		{57B0F8CB-E03F-46C7-BED2-043BF6475A0A}.Debug|Any CPU.ActiveCfg = Debug|Any CPU
		{57B0F8CB-E03F-46C7-BED2-043BF6475A0A}.Debug|Any CPU.Build.0 = Debug|Any CPU
		{57B0F8CB-E03F-46C7-BED2-043BF6475A0A}.Release|Any CPU.ActiveCfg = Release|Any CPU
		{57B0F8CB-E03F-46C7-BED2-043BF6475A0A}.Release|Any CPU.Build.0 = Release|Any CPU
	EndGlobalSection
EndGlobal
