
Microsoft Visual Studio Solution File, Format Version 12.00
# Visual Studio 2017
Project("{FAE04EC0-301F-11D3-BF4B-00C04F79EFBC}") = "MomentuumApi", "MomentuumApi.csproj", "{6B978BBA-966A-4FAE-AA50-210C129EC2A4}"
EndProject
Global
	GlobalSection(SolutionConfigurationPlatforms) = preSolution
		Debug|Any CPU = Debug|Any CPU
		Release|Any CPU = Release|Any CPU
	EndGlobalSection
	GlobalSection(ProjectConfigurationPlatforms) = postSolution
		{6B978BBA-966A-4FAE-AA50-210C129EC2A4}.Debug|Any CPU.ActiveCfg = Debug|Any CPU
		{6B978BBA-966A-4FAE-AA50-210C129EC2A4}.Debug|Any CPU.Build.0 = Debug|Any CPU
		{6B978BBA-966A-4FAE-AA50-210C129EC2A4}.Release|Any CPU.ActiveCfg = Release|Any CPU
		{6B978BBA-966A-4FAE-AA50-210C129EC2A4}.Release|Any CPU.Build.0 = Release|Any CPU
	EndGlobalSection
EndGlobal
